{
  "pins" : [
    {
      "identity" : "kingfisher",
      "kind" : "remoteSourceControl",
      "location" : "https://github.com/onevcat/Kingfisher.git",
      "state" : {
        "branch" : "master",
        "revision" : "dffcc081c411bb34267297962666e2e21cd45b0d"
      }
    }
  ],
  "version" : 2
}
