// !$*UTF8*$!
{
	archiveVersion = 1;
	classes = {
	};
	objectVersion = 55;
	objects = {

/* Begin PBXBuildFile section */
		572DC10B28F5E77800930AE1 /* AppDelegate.swift in Sources */ = {isa = PBXBuildFile; fileRef = 572DC10A28F5E77800930AE1 /* AppDelegate.swift */; };
		572DC10D28F5E77800930AE1 /* SceneDelegate.swift in Sources */ = {isa = PBXBuildFile; fileRef = 572DC10C28F5E77800930AE1 /* SceneDelegate.swift */; };
		572DC11428F5E77900930AE1 /* Assets.xcassets in Resources */ = {isa = PBXBuildFile; fileRef = 572DC11328F5E77900930AE1 /* Assets.xcassets */; };
		572DC11728F5E77900930AE1 /* LaunchScreen.storyboard in Resources */ = {isa = PBXBuildFile; fileRef = 572DC11528F5E77900930AE1 /* LaunchScreen.storyboard */; };
		572DC12828F5E82100930AE1 /* HomeViewController.swift in Sources */ = {isa = PBXBuildFile; fileRef = 572DC12728F5E82100930AE1 /* HomeViewController.swift */; };
		572DC12A28F5E82800930AE1 /* Home.storyboard in Resources */ = {isa = PBXBuildFile; fileRef = 572DC12928F5E82800930AE1 /* Home.storyboard */; };
		572DC13D28F5EB9500930AE1 /* NetworkContracts.swift in Sources */ = {isa = PBXBuildFile; fileRef = 572DC13828F5EB9500930AE1 /* NetworkContracts.swift */; };
		572DC13E28F5EB9500930AE1 /* HttpMethod.swift in Sources */ = {isa = PBXBuildFile; fileRef = 572DC13928F5EB9500930AE1 /* HttpMethod.swift */; };
		572DC13F28F5EB9500930AE1 /* HttpHeader.swift in Sources */ = {isa = PBXBuildFile; fileRef = 572DC13A28F5EB9500930AE1 /* HttpHeader.swift */; };
		572DC14028F5EB9500930AE1 /* NetworkExecuter.swift in Sources */ = {isa = PBXBuildFile; fileRef = 572DC13B28F5EB9500930AE1 /* NetworkExecuter.swift */; };
		572DC14128F5EB9500930AE1 /* NetworkError.swift in Sources */ = {isa = PBXBuildFile; fileRef = 572DC13C28F5EB9500930AE1 /* NetworkError.swift */; };
		572DC14428F5ECEB00930AE1 /* TheOmdbAPIClients.swift in Sources */ = {isa = PBXBuildFile; fileRef = 572DC14328F5ECEB00930AE1 /* TheOmdbAPIClients.swift */; };
		572DC14828F5F00300930AE1 /* Movies.swift in Sources */ = {isa = PBXBuildFile; fileRef = 572DC14728F5F00300930AE1 /* Movies.swift */; };
		572DC14A28F5F00E00930AE1 /* Search.swift in Sources */ = {isa = PBXBuildFile; fileRef = 572DC14928F5F00E00930AE1 /* Search.swift */; };
		572DC14C28F5F01B00930AE1 /* MovieMetaData.swift in Sources */ = {isa = PBXBuildFile; fileRef = 572DC14B28F5F01B00930AE1 /* MovieMetaData.swift */; };
		572DC14E28F5F02E00930AE1 /* Rating.swift in Sources */ = {isa = PBXBuildFile; fileRef = 572DC14D28F5F02E00930AE1 /* Rating.swift */; };
		572DC15028F5F04400930AE1 /* MoviesDataSources.swift in Sources */ = {isa = PBXBuildFile; fileRef = 572DC14F28F5F04400930AE1 /* MoviesDataSources.swift */; };
		572DC15228F5F04F00930AE1 /* MoviesServices.swift in Sources */ = {isa = PBXBuildFile; fileRef = 572DC15128F5F04F00930AE1 /* MoviesServices.swift */; };
		572DC15728F5F0C800930AE1 /* MovieRepositoryContracts.swift in Sources */ = {isa = PBXBuildFile; fileRef = 572DC15628F5F0C800930AE1 /* MovieRepositoryContracts.swift */; };
		572DC15928F5F0D300930AE1 /* MovieRepository.swift in Sources */ = {isa = PBXBuildFile; fileRef = 572DC15828F5F0D300930AE1 /* MovieRepository.swift */; };
		572DC15B28F5F3B700930AE1 /* HomeViewContracts.swift in Sources */ = {isa = PBXBuildFile; fileRef = 572DC15A28F5F3B700930AE1 /* HomeViewContracts.swift */; };
		572DC15D28F5F3CD00930AE1 /* HomeViewModel.swift in Sources */ = {isa = PBXBuildFile; fileRef = 572DC15C28F5F3CD00930AE1 /* HomeViewModel.swift */; };
		572DC15F28F5F3F500930AE1 /* HomeViewBuilder.swift in Sources */ = {isa = PBXBuildFile; fileRef = 572DC15E28F5F3F500930AE1 /* HomeViewBuilder.swift */; };
		572DC16528F5FA3900930AE1 /* MovieTableViewCell.swift in Sources */ = {isa = PBXBuildFile; fileRef = 572DC16328F5FA3900930AE1 /* MovieTableViewCell.swift */; };
		572DC16628F5FA3900930AE1 /* MovieTableViewCell.xib in Resources */ = {isa = PBXBuildFile; fileRef = 572DC16428F5FA3900930AE1 /* MovieTableViewCell.xib */; };
		572DC16928F5FF3600930AE1 /* Kingfisher in Frameworks */ = {isa = PBXBuildFile; productRef = 572DC16828F5FF3600930AE1 /* Kingfisher */; };
		572DC16C28F601C600930AE1 /* TableView+Extensions.swift in Sources */ = {isa = PBXBuildFile; fileRef = 572DC16B28F601C600930AE1 /* TableView+Extensions.swift */; };
		572DC16E28F6077A00930AE1 /* String+Extensions.swift in Sources */ = {isa = PBXBuildFile; fileRef = 572DC16D28F6077A00930AE1 /* String+Extensions.swift */; };
		572DC17228F60B4B00930AE1 /* EmptyCellView.swift in Sources */ = {isa = PBXBuildFile; fileRef = 572DC17128F60B4B00930AE1 /* EmptyCellView.swift */; };
		572DC17528F721A900930AE1 /* MovieDetailViewController.swift in Sources */ = {isa = PBXBuildFile; fileRef = 572DC17428F721A900930AE1 /* MovieDetailViewController.swift */; };
		572DC17728F721E800930AE1 /* MovieDetailViewModel.swift in Sources */ = {isa = PBXBuildFile; fileRef = 572DC17628F721E700930AE1 /* MovieDetailViewModel.swift */; };
		572DC17928F7221300930AE1 /* MovieDetailViewContracts.swift in Sources */ = {isa = PBXBuildFile; fileRef = 572DC17828F7221300930AE1 /* MovieDetailViewContracts.swift */; };
		572DC17B28F7235D00930AE1 /* MovieDetailBuilder.swift in Sources */ = {isa = PBXBuildFile; fileRef = 572DC17A28F7235C00930AE1 /* MovieDetailBuilder.swift */; };
		572DC17D28F7238400930AE1 /* MovieDetail.storyboard in Resources */ = {isa = PBXBuildFile; fileRef = 572DC17C28F7238400930AE1 /* MovieDetail.storyboard */; };
/* End PBXBuildFile section */

/* Begin PBXFileReference section */
		572DC10728F5E77800930AE1 /* Intranet-Case-MovieApp.app */ = {isa = PBXFileReference; explicitFileType = wrapper.application; includeInIndex = 0; path = "Intranet-Case-MovieApp.app"; sourceTree = BUILT_PRODUCTS_DIR; };
		572DC10A28F5E77800930AE1 /* AppDelegate.swift */ = {isa = PBXFileReference; lastKnownFileType = sourcecode.swift; path = AppDelegate.swift; sourceTree = "<group>"; };
		572DC10C28F5E77800930AE1 /* SceneDelegate.swift */ = {isa = PBXFileReference; lastKnownFileType = sourcecode.swift; path = SceneDelegate.swift; sourceTree = "<group>"; };
		572DC11328F5E77900930AE1 /* Assets.xcassets */ = {isa = PBXFileReference; lastKnownFileType = folder.assetcatalog; path = Assets.xcassets; sourceTree = "<group>"; };
		572DC11628F5E77900930AE1 /* Base */ = {isa = PBXFileReference; lastKnownFileType = file.storyboard; name = Base; path = Base.lproj/LaunchScreen.storyboard; sourceTree = "<group>"; };
		572DC11828F5E77900930AE1 /* Info.plist */ = {isa = PBXFileReference; lastKnownFileType = text.plist.xml; path = Info.plist; sourceTree = "<group>"; };
		572DC12728F5E82100930AE1 /* HomeViewController.swift */ = {isa = PBXFileReference; lastKnownFileType = sourcecode.swift; path = HomeViewController.swift; sourceTree = "<group>"; };
		572DC12928F5E82800930AE1 /* Home.storyboard */ = {isa = PBXFileReference; lastKnownFileType = file.storyboard; path = Home.storyboard; sourceTree = "<group>"; };
		572DC13828F5EB9500930AE1 /* NetworkContracts.swift */ = {isa = PBXFileReference; fileEncoding = 4; lastKnownFileType = sourcecode.swift; path = NetworkContracts.swift; sourceTree = "<group>"; };
		572DC13928F5EB9500930AE1 /* HttpMethod.swift */ = {isa = PBXFileReference; fileEncoding = 4; lastKnownFileType = sourcecode.swift; path = HttpMethod.swift; sourceTree = "<group>"; };
		572DC13A28F5EB9500930AE1 /* HttpHeader.swift */ = {isa = PBXFileReference; fileEncoding = 4; lastKnownFileType = sourcecode.swift; path = HttpHeader.swift; sourceTree = "<group>"; };
		572DC13B28F5EB9500930AE1 /* NetworkExecuter.swift */ = {isa = PBXFileReference; fileEncoding = 4; lastKnownFileType = sourcecode.swift; path = NetworkExecuter.swift; sourceTree = "<group>"; };
		572DC13C28F5EB9500930AE1 /* NetworkError.swift */ = {isa = PBXFileReference; fileEncoding = 4; lastKnownFileType = sourcecode.swift; path = NetworkError.swift; sourceTree = "<group>"; };
		572DC14328F5ECEB00930AE1 /* TheOmdbAPIClients.swift */ = {isa = PBXFileReference; lastKnownFileType = sourcecode.swift; path = TheOmdbAPIClients.swift; sourceTree = "<group>"; };
		572DC14728F5F00300930AE1 /* Movies.swift */ = {isa = PBXFileReference; lastKnownFileType = sourcecode.swift; path = Movies.swift; sourceTree = "<group>"; };
		572DC14928F5F00E00930AE1 /* Search.swift */ = {isa = PBXFileReference; lastKnownFileType = sourcecode.swift; path = Search.swift; sourceTree = "<group>"; };
		572DC14B28F5F01B00930AE1 /* MovieMetaData.swift */ = {isa = PBXFileReference; lastKnownFileType = sourcecode.swift; path = MovieMetaData.swift; sourceTree = "<group>"; };
		572DC14D28F5F02E00930AE1 /* Rating.swift */ = {isa = PBXFileReference; lastKnownFileType = sourcecode.swift; path = Rating.swift; sourceTree = "<group>"; };
		572DC14F28F5F04400930AE1 /* MoviesDataSources.swift */ = {isa = PBXFileReference; lastKnownFileType = sourcecode.swift; path = MoviesDataSources.swift; sourceTree = "<group>"; };
		572DC15128F5F04F00930AE1 /* MoviesServices.swift */ = {isa = PBXFileReference; lastKnownFileType = sourcecode.swift; path = MoviesServices.swift; sourceTree = "<group>"; };
		572DC15628F5F0C800930AE1 /* MovieRepositoryContracts.swift */ = {isa = PBXFileReference; lastKnownFileType = sourcecode.swift; path = MovieRepositoryContracts.swift; sourceTree = "<group>"; };
		572DC15828F5F0D300930AE1 /* MovieRepository.swift */ = {isa = PBXFileReference; lastKnownFileType = sourcecode.swift; path = MovieRepository.swift; sourceTree = "<group>"; };
		572DC15A28F5F3B700930AE1 /* HomeViewContracts.swift */ = {isa = PBXFileReference; lastKnownFileType = sourcecode.swift; path = HomeViewContracts.swift; sourceTree = "<group>"; };
		572DC15C28F5F3CD00930AE1 /* HomeViewModel.swift */ = {isa = PBXFileReference; lastKnownFileType = sourcecode.swift; path = HomeViewModel.swift; sourceTree = "<group>"; };
		572DC15E28F5F3F500930AE1 /* HomeViewBuilder.swift */ = {isa = PBXFileReference; lastKnownFileType = sourcecode.swift; path = HomeViewBuilder.swift; sourceTree = "<group>"; };
		572DC16328F5FA3900930AE1 /* MovieTableViewCell.swift */ = {isa = PBXFileReference; lastKnownFileType = sourcecode.swift; path = MovieTableViewCell.swift; sourceTree = "<group>"; };
		572DC16428F5FA3900930AE1 /* MovieTableViewCell.xib */ = {isa = PBXFileReference; lastKnownFileType = file.xib; path = MovieTableViewCell.xib; sourceTree = "<group>"; };
		572DC16B28F601C600930AE1 /* TableView+Extensions.swift */ = {isa = PBXFileReference; lastKnownFileType = sourcecode.swift; path = "TableView+Extensions.swift"; sourceTree = "<group>"; };
		572DC16D28F6077A00930AE1 /* String+Extensions.swift */ = {isa = PBXFileReference; lastKnownFileType = sourcecode.swift; path = "String+Extensions.swift"; sourceTree = "<group>"; };
		572DC17128F60B4B00930AE1 /* EmptyCellView.swift */ = {isa = PBXFileReference; lastKnownFileType = sourcecode.swift; path = EmptyCellView.swift; sourceTree = "<group>"; };
		572DC17428F721A900930AE1 /* MovieDetailViewController.swift */ = {isa = PBXFileReference; lastKnownFileType = sourcecode.swift; path = MovieDetailViewController.swift; sourceTree = "<group>"; };
		572DC17628F721E700930AE1 /* MovieDetailViewModel.swift */ = {isa = PBXFileReference; lastKnownFileType = sourcecode.swift; path = MovieDetailViewModel.swift; sourceTree = "<group>"; };
		572DC17828F7221300930AE1 /* MovieDetailViewContracts.swift */ = {isa = PBXFileReference; lastKnownFileType = sourcecode.swift; path = MovieDetailViewContracts.swift; sourceTree = "<group>"; };
		572DC17A28F7235C00930AE1 /* MovieDetailBuilder.swift */ = {isa = PBXFileReference; lastKnownFileType = sourcecode.swift; path = MovieDetailBuilder.swift; sourceTree = "<group>"; };
		572DC17C28F7238400930AE1 /* MovieDetail.storyboard */ = {isa = PBXFileReference; lastKnownFileType = file.storyboard; path = MovieDetail.storyboard; sourceTree = "<group>"; };
/* End PBXFileReference section */

/* Begin PBXFrameworksBuildPhase section */
		572DC10428F5E77800930AE1 /* Frameworks */ = {
			isa = PBXFrameworksBuildPhase;
			buildActionMask = 2147483647;
			files = (
				572DC16928F5FF3600930AE1 /* Kingfisher in Frameworks */,
			);
			runOnlyForDeploymentPostprocessing = 0;
		};
/* End PBXFrameworksBuildPhase section */

/* Begin PBXGroup section */
		572DC0FE28F5E77800930AE1 = {
			isa = PBXGroup;
			children = (
				572DC10928F5E77800930AE1 /* Intranet-Case-MovieApp */,
				572DC10828F5E77800930AE1 /* Products */,
			);
			sourceTree = "<group>";
		};
		572DC10828F5E77800930AE1 /* Products */ = {
			isa = PBXGroup;
			children = (
				572DC10728F5E77800930AE1 /* Intranet-Case-MovieApp.app */,
			);
			name = Products;
			sourceTree = "<group>";
		};
		572DC10928F5E77800930AE1 /* Intranet-Case-MovieApp */ = {
			isa = PBXGroup;
			children = (
				572DC13628F5EB9500930AE1 /* DataProvider */,
				572DC12428F5E7DA00930AE1 /* Resource */,
				572DC12328F5E7D300930AE1 /* UIComponents */,
				572DC12228F5E7CD00930AE1 /* Utilites */,
				572DC12028F5E7C200930AE1 /* Sceens */,
				572DC11F28F5E7BD00930AE1 /* Delegates */,
				572DC11E28F5E7B800930AE1 /* Configure */,
			);
			path = "Intranet-Case-MovieApp";
			sourceTree = "<group>";
		};
		572DC11E28F5E7B800930AE1 /* Configure */ = {
			isa = PBXGroup;
			children = (
				572DC11828F5E77900930AE1 /* Info.plist */,
			);
			path = Configure;
			sourceTree = "<group>";
		};
		572DC11F28F5E7BD00930AE1 /* Delegates */ = {
			isa = PBXGroup;
			children = (
				572DC10A28F5E77800930AE1 /* AppDelegate.swift */,
				572DC10C28F5E77800930AE1 /* SceneDelegate.swift */,
			);
			path = Delegates;
			sourceTree = "<group>";
		};
		572DC12028F5E7C200930AE1 /* Sceens */ = {
			isa = PBXGroup;
			children = (
				572DC17328F7217500930AE1 /* MovieDetail */,
				572DC12628F5E80E00930AE1 /* Launch */,
				572DC12528F5E80B00930AE1 /* Home */,
			);
			path = Sceens;
			sourceTree = "<group>";
		};
		572DC12228F5E7CD00930AE1 /* Utilites */ = {
			isa = PBXGroup;
			children = (
				572DC16A28F601B100930AE1 /* Extensions */,
			);
			path = Utilites;
			sourceTree = "<group>";
		};
		572DC12328F5E7D300930AE1 /* UIComponents */ = {
			isa = PBXGroup;
			children = (
				572DC16F28F60B3100930AE1 /* UIViews */,
				572DC16028F5F9F800930AE1 /* Cells */,
			);
			path = UIComponents;
			sourceTree = "<group>";
		};
		572DC12428F5E7DA00930AE1 /* Resource */ = {
			isa = PBXGroup;
			children = (
				572DC11328F5E77900930AE1 /* Assets.xcassets */,
			);
			path = Resource;
			sourceTree = "<group>";
		};
		572DC12528F5E80B00930AE1 /* Home */ = {
			isa = PBXGroup;
			children = (
				572DC12728F5E82100930AE1 /* HomeViewController.swift */,
				572DC12928F5E82800930AE1 /* Home.storyboard */,
				572DC15A28F5F3B700930AE1 /* HomeViewContracts.swift */,
				572DC15C28F5F3CD00930AE1 /* HomeViewModel.swift */,
				572DC15E28F5F3F500930AE1 /* HomeViewBuilder.swift */,
			);
			path = Home;
			sourceTree = "<group>";
		};
		572DC12628F5E80E00930AE1 /* Launch */ = {
			isa = PBXGroup;
			children = (
				572DC11528F5E77900930AE1 /* LaunchScreen.storyboard */,
			);
			path = Launch;
			sourceTree = "<group>";
		};
		572DC13628F5EB9500930AE1 /* DataProvider */ = {
			isa = PBXGroup;
			children = (
				572DC15328F5F09F00930AE1 /* Repository */,
				572DC14628F5EFE900930AE1 /* Models */,
				572DC14528F5EFDF00930AE1 /* Services */,
				572DC14228F5EBB900930AE1 /* Clients */,
				572DC13728F5EB9500930AE1 /* Core */,
			);
			path = DataProvider;
			sourceTree = "<group>";
		};
		572DC13728F5EB9500930AE1 /* Core */ = {
			isa = PBXGroup;
			children = (
				572DC13828F5EB9500930AE1 /* NetworkContracts.swift */,
				572DC13928F5EB9500930AE1 /* HttpMethod.swift */,
				572DC13A28F5EB9500930AE1 /* HttpHeader.swift */,
				572DC13B28F5EB9500930AE1 /* NetworkExecuter.swift */,
				572DC13C28F5EB9500930AE1 /* NetworkError.swift */,
			);
			path = Core;
			sourceTree = "<group>";
		};
		572DC14228F5EBB900930AE1 /* Clients */ = {
			isa = PBXGroup;
			children = (
				572DC14328F5ECEB00930AE1 /* TheOmdbAPIClients.swift */,
			);
			path = Clients;
			sourceTree = "<group>";
		};
		572DC14528F5EFDF00930AE1 /* Services */ = {
			isa = PBXGroup;
			children = (
				572DC15428F5F0B600930AE1 /* MoviesServices */,
			);
			path = Services;
			sourceTree = "<group>";
		};
		572DC14628F5EFE900930AE1 /* Models */ = {
			isa = PBXGroup;
			children = (
				572DC14728F5F00300930AE1 /* Movies.swift */,
				572DC14928F5F00E00930AE1 /* Search.swift */,
				572DC14B28F5F01B00930AE1 /* MovieMetaData.swift */,
				572DC14D28F5F02E00930AE1 /* Rating.swift */,
			);
			path = Models;
			sourceTree = "<group>";
		};
		572DC15328F5F09F00930AE1 /* Repository */ = {
			isa = PBXGroup;
			children = (
				572DC15528F5F0C200930AE1 /* MoviesRepository */,
			);
			path = Repository;
			sourceTree = "<group>";
		};
		572DC15428F5F0B600930AE1 /* MoviesServices */ = {
			isa = PBXGroup;
			children = (
				572DC14F28F5F04400930AE1 /* MoviesDataSources.swift */,
				572DC15128F5F04F00930AE1 /* MoviesServices.swift */,
			);
			path = MoviesServices;
			sourceTree = "<group>";
		};
		572DC15528F5F0C200930AE1 /* MoviesRepository */ = {
			isa = PBXGroup;
			children = (
				572DC15628F5F0C800930AE1 /* MovieRepositoryContracts.swift */,
				572DC15828F5F0D300930AE1 /* MovieRepository.swift */,
			);
			path = MoviesRepository;
			sourceTree = "<group>";
		};
		572DC16028F5F9F800930AE1 /* Cells */ = {
			isa = PBXGroup;
			children = (
				572DC16128F5FA0500930AE1 /* TableView */,
			);
			path = Cells;
			sourceTree = "<group>";
		};
		572DC16128F5FA0500930AE1 /* TableView */ = {
			isa = PBXGroup;
			children = (
				572DC16228F5FA0900930AE1 /* MovieCell */,
			);
			path = TableView;
			sourceTree = "<group>";
		};
		572DC16228F5FA0900930AE1 /* MovieCell */ = {
			isa = PBXGroup;
			children = (
				572DC16328F5FA3900930AE1 /* MovieTableViewCell.swift */,
				572DC16428F5FA3900930AE1 /* MovieTableViewCell.xib */,
			);
			path = MovieCell;
			sourceTree = "<group>";
		};
		572DC16A28F601B100930AE1 /* Extensions */ = {
			isa = PBXGroup;
			children = (
				572DC16B28F601C600930AE1 /* TableView+Extensions.swift */,
				572DC16D28F6077A00930AE1 /* String+Extensions.swift */,
			);
			path = Extensions;
			sourceTree = "<group>";
		};
		572DC16F28F60B3100930AE1 /* UIViews */ = {
			isa = PBXGroup;
			children = (
				572DC17028F60B3600930AE1 /* EmptyCellView */,
			);
			path = UIViews;
			sourceTree = "<group>";
		};
		572DC17028F60B3600930AE1 /* EmptyCellView */ = {
			isa = PBXGroup;
			children = (
				572DC17128F60B4B00930AE1 /* EmptyCellView.swift */,
			);
			path = EmptyCellView;
			sourceTree = "<group>";
		};
		572DC17328F7217500930AE1 /* MovieDetail */ = {
			isa = PBXGroup;
			children = (
				572DC17428F721A900930AE1 /* MovieDetailViewController.swift */,
				572DC17628F721E700930AE1 /* MovieDetailViewModel.swift */,
				572DC17828F7221300930AE1 /* MovieDetailViewContracts.swift */,
				572DC17A28F7235C00930AE1 /* MovieDetailBuilder.swift */,
				572DC17C28F7238400930AE1 /* MovieDetail.storyboard */,
			);
			path = MovieDetail;
			sourceTree = "<group>";
		};
/* End PBXGroup section */

/* Begin PBXNativeTarget section */
		572DC10628F5E77800930AE1 /* Intranet-Case-MovieApp */ = {
			isa = PBXNativeTarget;
			buildConfigurationList = 572DC11B28F5E77900930AE1 /* Build configuration list for PBXNativeTarget "Intranet-Case-MovieApp" */;
			buildPhases = (
				572DC10328F5E77800930AE1 /* Sources */,
				572DC10428F5E77800930AE1 /* Frameworks */,
				572DC10528F5E77800930AE1 /* Resources */,
			);
			buildRules = (
			);
			dependencies = (
			);
			name = "Intranet-Case-MovieApp";
			packageProductDependencies = (
				572DC16828F5FF3600930AE1 /* Kingfisher */,
			);
			productName = "Intranet-Case-MovieApp";
			productReference = 572DC10728F5E77800930AE1 /* Intranet-Case-MovieApp.app */;
			productType = "com.apple.product-type.application";
		};
/* End PBXNativeTarget section */

/* Begin PBXProject section */
		572DC0FF28F5E77800930AE1 /* Project object */ = {
			isa = PBXProject;
			attributes = {
				BuildIndependentTargetsInParallel = 1;
				LastSwiftUpdateCheck = 1340;
				LastUpgradeCheck = 1340;
				TargetAttributes = {
					572DC10628F5E77800930AE1 = {
						CreatedOnToolsVersion = 13.4.1;
					};
				};
			};
			buildConfigurationList = 572DC10228F5E77800930AE1 /* Build configuration list for PBXProject "Intranet-Case-MovieApp" */;
			compatibilityVersion = "Xcode 13.0";
			developmentRegion = en;
			hasScannedForEncodings = 0;
			knownRegions = (
				en,
				Base,
			);
			mainGroup = 572DC0FE28F5E77800930AE1;
			packageReferences = (
				572DC16728F5FF3600930AE1 /* XCRemoteSwiftPackageReference "Kingfisher" */,
			);
			productRefGroup = 572DC10828F5E77800930AE1 /* Products */;
			projectDirPath = "";
			projectRoot = "";
			targets = (
				572DC10628F5E77800930AE1 /* Intranet-Case-MovieApp */,
			);
		};
/* End PBXProject section */

/* Begin PBXResourcesBuildPhase section */
		572DC10528F5E77800930AE1 /* Resources */ = {
			isa = PBXResourcesBuildPhase;
			buildActionMask = 2147483647;
			files = (
				572DC12A28F5E82800930AE1 /* Home.storyboard in Resources */,
				572DC11728F5E77900930AE1 /* LaunchScreen.storyboard in Resources */,
				572DC16628F5FA3900930AE1 /* MovieTableViewCell.xib in Resources */,
				572DC11428F5E77900930AE1 /* Assets.xcassets in Resources */,
				572DC17D28F7238400930AE1 /* MovieDetail.storyboard in Resources */,
			);
			runOnlyForDeploymentPostprocessing = 0;
		};
/* End PBXResourcesBuildPhase section */

/* Begin PBXSourcesBuildPhase section */
		572DC10328F5E77800930AE1 /* Sources */ = {
			isa = PBXSourcesBuildPhase;
			buildActionMask = 2147483647;
			files = (
				572DC15D28F5F3CD00930AE1 /* HomeViewModel.swift in Sources */,
				572DC14A28F5F00E00930AE1 /* Search.swift in Sources */,
				572DC16528F5FA3900930AE1 /* MovieTableViewCell.swift in Sources */,
				572DC16C28F601C600930AE1 /* TableView+Extensions.swift in Sources */,
				572DC14828F5F00300930AE1 /* Movies.swift in Sources */,
				572DC17B28F7235D00930AE1 /* MovieDetailBuilder.swift in Sources */,
				572DC13D28F5EB9500930AE1 /* NetworkContracts.swift in Sources */,
				572DC15028F5F04400930AE1 /* MoviesDataSources.swift in Sources */,
				572DC17928F7221300930AE1 /* MovieDetailViewContracts.swift in Sources */,
				572DC15228F5F04F00930AE1 /* MoviesServices.swift in Sources */,
				572DC17228F60B4B00930AE1 /* EmptyCellView.swift in Sources */,
				572DC15B28F5F3B700930AE1 /* HomeViewContracts.swift in Sources */,
				572DC15F28F5F3F500930AE1 /* HomeViewBuilder.swift in Sources */,
				572DC15928F5F0D300930AE1 /* MovieRepository.swift in Sources */,
				572DC14128F5EB9500930AE1 /* NetworkError.swift in Sources */,
				572DC10B28F5E77800930AE1 /* AppDelegate.swift in Sources */,
				572DC13F28F5EB9500930AE1 /* HttpHeader.swift in Sources */,
				572DC14428F5ECEB00930AE1 /* TheOmdbAPIClients.swift in Sources */,
				572DC17528F721A900930AE1 /* MovieDetailViewController.swift in Sources */,
				572DC13E28F5EB9500930AE1 /* HttpMethod.swift in Sources */,
				572DC17728F721E800930AE1 /* MovieDetailViewModel.swift in Sources */,
				572DC15728F5F0C800930AE1 /* MovieRepositoryContracts.swift in Sources */,
				572DC10D28F5E77800930AE1 /* SceneDelegate.swift in Sources */,
				572DC12828F5E82100930AE1 /* HomeViewController.swift in Sources */,
				572DC16E28F6077A00930AE1 /* String+Extensions.swift in Sources */,
				572DC14028F5EB9500930AE1 /* NetworkExecuter.swift in Sources */,
				572DC14C28F5F01B00930AE1 /* MovieMetaData.swift in Sources */,
				572DC14E28F5F02E00930AE1 /* Rating.swift in Sources */,
			);
			runOnlyForDeploymentPostprocessing = 0;
		};
/* End PBXSourcesBuildPhase section */

/* Begin PBXVariantGroup section */
		572DC11528F5E77900930AE1 /* LaunchScreen.storyboard */ = {
			isa = PBXVariantGroup;
			children = (
				572DC11628F5E77900930AE1 /* Base */,
			);
			name = LaunchScreen.storyboard;
			sourceTree = "<group>";
		};
/* End PBXVariantGroup section */

/* Begin XCBuildConfiguration section */
		572DC11928F5E77900930AE1 /* Debug */ = {
			isa = XCBuildConfiguration;
			buildSettings = {
				ALWAYS_SEARCH_USER_PATHS = NO;
				CLANG_ANALYZER_NONNULL = YES;
				CLANG_ANALYZER_NUMBER_OBJECT_CONVERSION = YES_AGGRESSIVE;
				CLANG_CXX_LANGUAGE_STANDARD = "gnu++17";
				CLANG_ENABLE_MODULES = YES;
				CLANG_ENABLE_OBJC_ARC = YES;
				CLANG_ENABLE_OBJC_WEAK = YES;
				CLANG_WARN_BLOCK_CAPTURE_AUTORELEASING = YES;
				CLANG_WARN_BOOL_CONVERSION = YES;
				CLANG_WARN_COMMA = YES;
				CLANG_WARN_CONSTANT_CONVERSION = YES;
				CLANG_WARN_DEPRECATED_OBJC_IMPLEMENTATIONS = YES;
				CLANG_WARN_DIRECT_OBJC_ISA_USAGE = YES_ERROR;
				CLANG_WARN_DOCUMENTATION_COMMENTS = YES;
				CLANG_WARN_EMPTY_BODY = YES;
				CLANG_WARN_ENUM_CONVERSION = YES;
				CLANG_WARN_INFINITE_RECURSION = YES;
				CLANG_WARN_INT_CONVERSION = YES;
				CLANG_WARN_NON_LITERAL_NULL_CONVERSION = YES;
				CLANG_WARN_OBJC_IMPLICIT_RETAIN_SELF = YES;
				CLANG_WARN_OBJC_LITERAL_CONVERSION = YES;
				CLANG_WARN_OBJC_ROOT_CLASS = YES_ERROR;
				CLANG_WARN_QUOTED_INCLUDE_IN_FRAMEWORK_HEADER = YES;
				CLANG_WARN_RANGE_LOOP_ANALYSIS = YES;
				CLANG_WARN_STRICT_PROTOTYPES = YES;
				CLANG_WARN_SUSPICIOUS_MOVE = YES;
				CLANG_WARN_UNGUARDED_AVAILABILITY = YES_AGGRESSIVE;
				CLANG_WARN_UNREACHABLE_CODE = YES;
				CLANG_WARN__DUPLICATE_METHOD_MATCH = YES;
				COPY_PHASE_STRIP = NO;
				DEBUG_INFORMATION_FORMAT = dwarf;
				ENABLE_STRICT_OBJC_MSGSEND = YES;
				ENABLE_TESTABILITY = YES;
				GCC_C_LANGUAGE_STANDARD = gnu11;
				GCC_DYNAMIC_NO_PIC = NO;
				GCC_NO_COMMON_BLOCKS = YES;
				GCC_OPTIMIZATION_LEVEL = 0;
				GCC_PREPROCESSOR_DEFINITIONS = (
					"DEBUG=1",
					"$(inherited)",
				);
				GCC_WARN_64_TO_32_BIT_CONVERSION = YES;
				GCC_WARN_ABOUT_RETURN_TYPE = YES_ERROR;
				GCC_WARN_UNDECLARED_SELECTOR = YES;
				GCC_WARN_UNINITIALIZED_AUTOS = YES_AGGRESSIVE;
				GCC_WARN_UNUSED_FUNCTION = YES;
				GCC_WARN_UNUSED_VARIABLE = YES;
				IPHONEOS_DEPLOYMENT_TARGET = 15.5;
				MTL_ENABLE_DEBUG_INFO = INCLUDE_SOURCE;
				MTL_FAST_MATH = YES;
				ONLY_ACTIVE_ARCH = YES;
				SDKROOT = iphoneos;
				SWIFT_ACTIVE_COMPILATION_CONDITIONS = DEBUG;
				SWIFT_OPTIMIZATION_LEVEL = "-Onone";
			};
			name = Debug;
		};
		572DC11A28F5E77900930AE1 /* Release */ = {
			isa = XCBuildConfiguration;
			buildSettings = {
				ALWAYS_SEARCH_USER_PATHS = NO;
				CLANG_ANALYZER_NONNULL = YES;
				CLANG_ANALYZER_NUMBER_OBJECT_CONVERSION = YES_AGGRESSIVE;
				CLANG_CXX_LANGUAGE_STANDARD = "gnu++17";
				CLANG_ENABLE_MODULES = YES;
				CLANG_ENABLE_OBJC_ARC = YES;
				CLANG_ENABLE_OBJC_WEAK = YES;
				CLANG_WARN_BLOCK_CAPTURE_AUTORELEASING = YES;
				CLANG_WARN_BOOL_CONVERSION = YES;
				CLANG_WARN_COMMA = YES;
				CLANG_WARN_CONSTANT_CONVERSION = YES;
				CLANG_WARN_DEPRECATED_OBJC_IMPLEMENTATIONS = YES;
				CLANG_WARN_DIRECT_OBJC_ISA_USAGE = YES_ERROR;
				CLANG_WARN_DOCUMENTATION_COMMENTS = YES;
				CLANG_WARN_EMPTY_BODY = YES;
				CLANG_WARN_ENUM_CONVERSION = YES;
				CLANG_WARN_INFINITE_RECURSION = YES;
				CLANG_WARN_INT_CONVERSION = YES;
				CLANG_WARN_NON_LITERAL_NULL_CONVERSION = YES;
				CLANG_WARN_OBJC_IMPLICIT_RETAIN_SELF = YES;
				CLANG_WARN_OBJC_LITERAL_CONVERSION = YES;
				CLANG_WARN_OBJC_ROOT_CLASS = YES_ERROR;
				CLANG_WARN_QUOTED_INCLUDE_IN_FRAMEWORK_HEADER = YES;
				CLANG_WARN_RANGE_LOOP_ANALYSIS = YES;
				CLANG_WARN_STRICT_PROTOTYPES = YES;
				CLANG_WARN_SUSPICIOUS_MOVE = YES;
				CLANG_WARN_UNGUARDED_AVAILABILITY = YES_AGGRESSIVE;
				CLANG_WARN_UNREACHABLE_CODE = YES;
				CLANG_WARN__DUPLICATE_METHOD_MATCH = YES;
				COPY_PHASE_STRIP = NO;
				DEBUG_INFORMATION_FORMAT = "dwarf-with-dsym";
				ENABLE_NS_ASSERTIONS = NO;
				ENABLE_STRICT_OBJC_MSGSEND = YES;
				GCC_C_LANGUAGE_STANDARD = gnu11;
				GCC_NO_COMMON_BLOCKS = YES;
				GCC_WARN_64_TO_32_BIT_CONVERSION = YES;
				GCC_WARN_ABOUT_RETURN_TYPE = YES_ERROR;
				GCC_WARN_UNDECLARED_SELECTOR = YES;
				GCC_WARN_UNINITIALIZED_AUTOS = YES_AGGRESSIVE;
				GCC_WARN_UNUSED_FUNCTION = YES;
				GCC_WARN_UNUSED_VARIABLE = YES;
				IPHONEOS_DEPLOYMENT_TARGET = 15.5;
				MTL_ENABLE_DEBUG_INFO = NO;
				MTL_FAST_MATH = YES;
				SDKROOT = iphoneos;
				SWIFT_COMPILATION_MODE = wholemodule;
				SWIFT_OPTIMIZATION_LEVEL = "-O";
				VALIDATE_PRODUCT = YES;
			};
			name = Release;
		};
		572DC11C28F5E77900930AE1 /* Debug */ = {
			isa = XCBuildConfiguration;
			buildSettings = {
				ASSETCATALOG_COMPILER_APPICON_NAME = AppIcon;
				ASSETCATALOG_COMPILER_GLOBAL_ACCENT_COLOR_NAME = AccentColor;
				CODE_SIGN_STYLE = Automatic;
				CURRENT_PROJECT_VERSION = 1;
				GENERATE_INFOPLIST_FILE = YES;
				INFOPLIST_FILE = "Intranet-Case-MovieApp/Configure/Info.plist";
				INFOPLIST_KEY_UIApplicationSupportsIndirectInputEvents = YES;
				INFOPLIST_KEY_UILaunchStoryboardName = LaunchScreen;
				INFOPLIST_KEY_UISupportedInterfaceOrientations_iPad = "UIInterfaceOrientationPortrait UIInterfaceOrientationPortraitUpsideDown UIInterfaceOrientationLandscapeLeft UIInterfaceOrientationLandscapeRight";
				INFOPLIST_KEY_UISupportedInterfaceOrientations_iPhone = "UIInterfaceOrientationPortrait UIInterfaceOrientationLandscapeLeft UIInterfaceOrientationLandscapeRight";
				LD_RUNPATH_SEARCH_PATHS = (
					"$(inherited)",
					"@executable_path/Frameworks",
				);
				MARKETING_VERSION = 1.0;
				PRODUCT_BUNDLE_IDENTIFIER = "GizemDuman.Intranet-Case-MovieApp";
				PRODUCT_NAME = "$(TARGET_NAME)";
				SWIFT_EMIT_LOC_STRINGS = YES;
				SWIFT_VERSION = 5.0;
				TARGETED_DEVICE_FAMILY = "1,2";
			};
			name = Debug;
		};
		572DC11D28F5E77900930AE1 /* Release */ = {
			isa = XCBuildConfiguration;
			buildSettings = {
				ASSETCATALOG_COMPILER_APPICON_NAME = AppIcon;
				ASSETCATALOG_COMPILER_GLOBAL_ACCENT_COLOR_NAME = AccentColor;
				CODE_SIGN_STYLE = Automatic;
				CURRENT_PROJECT_VERSION = 1;
				GENERATE_INFOPLIST_FILE = YES;
				INFOPLIST_FILE = "Intranet-Case-MovieApp/Configure/Info.plist";
				INFOPLIST_KEY_UIApplicationSupportsIndirectInputEvents = YES;
				INFOPLIST_KEY_UILaunchStoryboardName = LaunchScreen;
				INFOPLIST_KEY_UISupportedInterfaceOrientations_iPad = "UIInterfaceOrientationPortrait UIInterfaceOrientationPortraitUpsideDown UIInterfaceOrientationLandscapeLeft UIInterfaceOrientationLandscapeRight";
				INFOPLIST_KEY_UISupportedInterfaceOrientations_iPhone = "UIInterfaceOrientationPortrait UIInterfaceOrientationLandscapeLeft UIInterfaceOrientationLandscapeRight";
				LD_RUNPATH_SEARCH_PATHS = (
					"$(inherited)",
					"@executable_path/Frameworks",
				);
				MARKETING_VERSION = 1.0;
				PRODUCT_BUNDLE_IDENTIFIER = "GizemDuman.Intranet-Case-MovieApp";
				PRODUCT_NAME = "$(TARGET_NAME)";
				SWIFT_EMIT_LOC_STRINGS = YES;
				SWIFT_VERSION = 5.0;
				TARGETED_DEVICE_FAMILY = "1,2";
			};
			name = Release;
		};
/* End XCBuildConfiguration section */

/* Begin XCConfigurationList section */
		572DC10228F5E77800930AE1 /* Build configuration list for PBXProject "Intranet-Case-MovieApp" */ = {
			isa = XCConfigurationList;
			buildConfigurations = (
				572DC11928F5E77900930AE1 /* Debug */,
				572DC11A28F5E77900930AE1 /* Release */,
			);
			defaultConfigurationIsVisible = 0;
			defaultConfigurationName = Release;
		};
		572DC11B28F5E77900930AE1 /* Build configuration list for PBXNativeTarget "Intranet-Case-MovieApp" */ = {
			isa = XCConfigurationList;
			buildConfigurations = (
				572DC11C28F5E77900930AE1 /* Debug */,
				572DC11D28F5E77900930AE1 /* Release */,
			);
			defaultConfigurationIsVisible = 0;
			defaultConfigurationName = Release;
		};
/* End XCConfigurationList section */

/* Begin XCRemoteSwiftPackageReference section */
		572DC16728F5FF3600930AE1 /* XCRemoteSwiftPackageReference "Kingfisher" */ = {
			isa = XCRemoteSwiftPackageReference;
			repositoryURL = "https://github.com/onevcat/Kingfisher.git";
			requirement = {
				branch = master;
				kind = branch;
			};
		};
/* End XCRemoteSwiftPackageReference section */

/* Begin XCSwiftPackageProductDependency section */
		572DC16828F5FF3600930AE1 /* Kingfisher */ = {
			isa = XCSwiftPackageProductDependency;
			package = 572DC16728F5FF3600930AE1 /* XCRemoteSwiftPackageReference "Kingfisher" */;
			productName = Kingfisher;
		};
/* End XCSwiftPackageProductDependency section */
	};
	rootObject = 572DC0FF28F5E77800930AE1 /* Project object */;
}
