// !$*UTF8*$!
{
	archiveVersion = 1;
	classes = {
	};
	objectVersion = 55;
	objects = {

/* Begin PBXBuildFile section */
		572DC10B28F5E77800930AE1 /* AppDelegate.swift in Sources */ = {isa = PBXBuildFile; fileRef = 572DC10A28F5E77800930AE1 /* AppDelegate.swift */; };
		572DC10D28F5E77800930AE1 /* SceneDelegate.swift in Sources */ = {isa = PBXBuildFile; fileRef = 572DC10C28F5E77800930AE1 /* SceneDelegate.swift */; };
		572DC11428F5E77900930AE1 /* Assets.xcassets in Resources */ = {isa = PBXBuildFile; fileRef = 572DC11328F5E77900930AE1 /* Assets.xcassets */; };
		572DC11728F5E77900930AE1 /* LaunchScreen.storyboard in Resources */ = {isa = PBXBuildFile; fileRef = 572DC11528F5E77900930AE1 /* LaunchScreen.storyboard */; };
		572DC12828F5E82100930AE1 /* HomeViewController.swift in Sources */ = {isa = PBXBuildFile; fileRef = 572DC12728F5E82100930AE1 /* HomeViewController.swift */; };
		572DC12A28F5E82800930AE1 /* Home.storyboard in Resources */ = {isa = PBXBuildFile; fileRef = 572DC12928F5E82800930AE1 /* Home.storyboard */; };
		572DC13D28F5EB9500930AE1 /* NetworkContracts.swift in Sources */ = {isa = PBXBuildFile; fileRef = 572DC13828F5EB9500930AE1 /* NetworkContracts.swift */; };
		572DC13E28F5EB9500930AE1 /* HttpMethod.swift in Sources */ = {isa = PBXBuildFile; fileRef = 572DC13928F5EB9500930AE1 /* HttpMethod.swift */; };
		572DC13F28F5EB9500930AE1 /* HttpHeader.swift in Sources */ = {isa = PBXBuildFile; fileRef = 572DC13A28F5EB9500930AE1 /* HttpHeader.swift */; };
		572DC14028F5EB9500930AE1 /* NetworkExecuter.swift in Sources */ = {isa = PBXBuildFile; fileRef = 572DC13B28F5EB9500930AE1 /* NetworkExecuter.swift */; };
		572DC14128F5EB9500930AE1 /* NetworkError.swift in Sources */ = {isa = PBXBuildFile; fileRef = 572DC13C28F5EB9500930AE1 /* NetworkError.swift */; };
		572DC14428F5ECEB00930AE1 /* TheOmdbAPIClients.swift in Sources */ = {isa = PBXBuildFile; fileRef = 572DC14328F5ECEB00930AE1 /* TheOmdbAPIClients.swift */; };
/* End PBXBuildFile section */

/* Begin PBXFileReference section */
		572DC10728F5E77800930AE1 /* Intranet-Case-MovieApp.app */ = {isa = PBXFileReference; explicitFileType = wrapper.application; includeInIndex = 0; path = "Intranet-Case-MovieApp.app"; sourceTree = BUILT_PRODUCTS_DIR; };
		572DC10A28F5E77800930AE1 /* AppDelegate.swift */ = {isa = PBXFileReference; lastKnownFileType = sourcecode.swift; path = AppDelegate.swift; sourceTree = "<group>"; };
		572DC10C28F5E77800930AE1 /* SceneDelegate.swift */ = {isa = PBXFileReference; lastKnownFileType = sourcecode.swift; path = SceneDelegate.swift; sourceTree = "<group>"; };
		572DC11328F5E77900930AE1 /* Assets.xcassets */ = {isa = PBXFileReference; lastKnownFileType = folder.assetcatalog; path = Assets.xcassets; sourceTree = "<group>"; };
		572DC11628F5E77900930AE1 /* Base */ = {isa = PBXFileReference; lastKnownFileType = file.storyboard; name = Base; path = Base.lproj/LaunchScreen.storyboard; sourceTree = "<group>"; };
		572DC11828F5E77900930AE1 /* Info.plist */ = {isa = PBXFileReference; lastKnownFileType = text.plist.xml; path = Info.plist; sourceTree = "<group>"; };
		572DC12728F5E82100930AE1 /* HomeViewController.swift */ = {isa = PBXFileReference; lastKnownFileType = sourcecode.swift; path = HomeViewController.swift; sourceTree = "<group>"; };
		572DC12928F5E82800930AE1 /* Home.storyboard */ = {isa = PBXFileReference; lastKnownFileType = file.storyboard; path = Home.storyboard; sourceTree = "<group>"; };
		572DC13828F5EB9500930AE1 /* NetworkContracts.swift */ = {isa = PBXFileReference; fileEncoding = 4; lastKnownFileType = sourcecode.swift; path = NetworkContracts.swift; sourceTree = "<group>"; };
		572DC13928F5EB9500930AE1 /* HttpMethod.swift */ = {isa = PBXFileReference; fileEncoding = 4; lastKnownFileType = sourcecode.swift; path = HttpMethod.swift; sourceTree = "<group>"; };
		572DC13A28F5EB9500930AE1 /* HttpHeader.swift */ = {isa = PBXFileReference; fileEncoding = 4; lastKnownFileType = sourcecode.swift; path = HttpHeader.swift; sourceTree = "<group>"; };
		572DC13B28F5EB9500930AE1 /* NetworkExecuter.swift */ = {isa = PBXFileReference; fileEncoding = 4; lastKnownFileType = sourcecode.swift; path = NetworkExecuter.swift; sourceTree = "<group>"; };
		572DC13C28F5EB9500930AE1 /* NetworkError.swift */ = {isa = PBXFileReference; fileEncoding = 4; lastKnownFileType = sourcecode.swift; path = NetworkError.swift; sourceTree = "<group>"; };
		572DC14328F5ECEB00930AE1 /* TheOmdbAPIClients.swift */ = {isa = PBXFileReference; lastKnownFileType = sourcecode.swift; path = TheOmdbAPIClients.swift; sourceTree = "<group>"; };
/* End PBXFileReference section */

/* Begin PBXFrameworksBuildPhase section */
		572DC10428F5E77800930AE1 /* Frameworks */ = {
			isa = PBXFrameworksBuildPhase;
			buildActionMask = 2147483647;
			files = (
			);
			runOnlyForDeploymentPostprocessing = 0;
		};
/* End PBXFrameworksBuildPhase section */

/* Begin PBXGroup section */
		572DC0FE28F5E77800930AE1 = {
			isa = PBXGroup;
			children = (
				572DC10928F5E77800930AE1 /* Intranet-Case-MovieApp */,
				572DC10828F5E77800930AE1 /* Products */,
			);
			sourceTree = "<group>";
		};
		572DC10828F5E77800930AE1 /* Products */ = {
			isa = PBXGroup;
			children = (
				572DC10728F5E77800930AE1 /* Intranet-Case-MovieApp.app */,
			);
			name = Products;
			sourceTree = "<group>";
		};
		572DC10928F5E77800930AE1 /* Intranet-Case-MovieApp */ = {
			isa = PBXGroup;
			children = (
				572DC13628F5EB9500930AE1 /* DataProvider */,
				572DC12428F5E7DA00930AE1 /* Resource */,
				572DC12328F5E7D300930AE1 /* UIComponents */,
				572DC12228F5E7CD00930AE1 /* Utilites */,
				572DC12028F5E7C200930AE1 /* Sceens */,
				572DC11F28F5E7BD00930AE1 /* Delegates */,
				572DC11E28F5E7B800930AE1 /* Configure */,
			);
			path = "Intranet-Case-MovieApp";
			sourceTree = "<group>";
		};
		572DC11E28F5E7B800930AE1 /* Configure */ = {
			isa = PBXGroup;
			children = (
				572DC11828F5E77900930AE1 /* Info.plist */,
			);
			path = Configure;
			sourceTree = "<group>";
		};
		572DC11F28F5E7BD00930AE1 /* Delegates */ = {
			isa = PBXGroup;
			children = (
				572DC10A28F5E77800930AE1 /* AppDelegate.swift */,
				572DC10C28F5E77800930AE1 /* SceneDelegate.swift */,
			);
			path = Delegates;
			sourceTree = "<group>";
		};
		572DC12028F5E7C200930AE1 /* Sceens */ = {
			isa = PBXGroup;
			children = (
				572DC12628F5E80E00930AE1 /* Launch */,
				572DC12528F5E80B00930AE1 /* Home */,
			);
			path = Sceens;
			sourceTree = "<group>";
		};
		572DC12228F5E7CD00930AE1 /* Utilites */ = {
			isa = PBXGroup;
			children = (
			);
			path = Utilites;
			sourceTree = "<group>";
		};
		572DC12328F5E7D300930AE1 /* UIComponents */ = {
			isa = PBXGroup;
			children = (
			);
			path = UIComponents;
			sourceTree = "<group>";
		};
		572DC12428F5E7DA00930AE1 /* Resource */ = {
			isa = PBXGroup;
			children = (
				572DC11328F5E77900930AE1 /* Assets.xcassets */,
			);
			path = Resource;
			sourceTree = "<group>";
		};
		572DC12528F5E80B00930AE1 /* Home */ = {
			isa = PBXGroup;
			children = (
				572DC12728F5E82100930AE1 /* HomeViewController.swift */,
				572DC12928F5E82800930AE1 /* Home.storyboard */,
			);
			path = Home;
			sourceTree = "<group>";
		};
		572DC12628F5E80E00930AE1 /* Launch */ = {
			isa = PBXGroup;
			children = (
				572DC11528F5E77900930AE1 /* LaunchScreen.storyboard */,
			);
			path = Launch;
			sourceTree = "<group>";
		};
		572DC13628F5EB9500930AE1 /* DataProvider */ = {
			isa = PBXGroup;
			children = (
				572DC14228F5EBB900930AE1 /* Clients */,
				572DC13728F5EB9500930AE1 /* Core */,
			);
			path = DataProvider;
			sourceTree = "<group>";
		};
		572DC13728F5EB9500930AE1 /* Core */ = {
			isa = PBXGroup;
			children = (
				572DC13828F5EB9500930AE1 /* NetworkContracts.swift */,
				572DC13928F5EB9500930AE1 /* HttpMethod.swift */,
				572DC13A28F5EB9500930AE1 /* HttpHeader.swift */,
				572DC13B28F5EB9500930AE1 /* NetworkExecuter.swift */,
				572DC13C28F5EB9500930AE1 /* NetworkError.swift */,
			);
			path = Core;
			sourceTree = "<group>";
		};
		572DC14228F5EBB900930AE1 /* Clients */ = {
			isa = PBXGroup;
			children = (
				572DC14328F5ECEB00930AE1 /* TheOmdbAPIClients.swift */,
			);
			path = Clients;
			sourceTree = "<group>";
		};
/* End PBXGroup section */

/* Begin PBXNativeTarget section */
		572DC10628F5E77800930AE1 /* Intranet-Case-MovieApp */ = {
			isa = PBXNativeTarget;
			buildConfigurationList = 572DC11B28F5E77900930AE1 /* Build configuration list for PBXNativeTarget "Intranet-Case-MovieApp" */;
			buildPhases = (
				572DC10328F5E77800930AE1 /* Sources */,
				572DC10428F5E77800930AE1 /* Frameworks */,
				572DC10528F5E77800930AE1 /* Resources */,
			);
			buildRules = (
			);
			dependencies = (
			);
			name = "Intranet-Case-MovieApp";
			productName = "Intranet-Case-MovieApp";
			productReference = 572DC10728F5E77800930AE1 /* Intranet-Case-MovieApp.app */;
			productType = "com.apple.product-type.application";
		};
/* End PBXNativeTarget section */

/* Begin PBXProject section */
		572DC0FF28F5E77800930AE1 /* Project object */ = {
			isa = PBXProject;
			attributes = {
				BuildIndependentTargetsInParallel = 1;
				LastSwiftUpdateCheck = 1340;
				LastUpgradeCheck = 1340;
				TargetAttributes = {
					572DC10628F5E77800930AE1 = {
						CreatedOnToolsVersion = 13.4.1;
					};
				};
			};
			buildConfigurationList = 572DC10228F5E77800930AE1 /* Build configuration list for PBXProject "Intranet-Case-MovieApp" */;
			compatibilityVersion = "Xcode 13.0";
			developmentRegion = en;
			hasScannedForEncodings = 0;
			knownRegions = (
				en,
				Base,
			);
			mainGroup = 572DC0FE28F5E77800930AE1;
			productRefGroup = 572DC10828F5E77800930AE1 /* Products */;
			projectDirPath = "";
			projectRoot = "";
			targets = (
				572DC10628F5E77800930AE1 /* Intranet-Case-MovieApp */,
			);
		};
/* End PBXProject section */

/* Begin PBXResourcesBuildPhase section */
		572DC10528F5E77800930AE1 /* Resources */ = {
			isa = PBXResourcesBuildPhase;
			buildActionMask = 2147483647;
			files = (
				572DC12A28F5E82800930AE1 /* Home.storyboard in Resources */,
				572DC11728F5E77900930AE1 /* LaunchScreen.storyboard in Resources */,
				572DC11428F5E77900930AE1 /* Assets.xcassets in Resources */,
			);
			runOnlyForDeploymentPostprocessing = 0;
		};
/* End PBXResourcesBuildPhase section */

/* Begin PBXSourcesBuildPhase section */
		572DC10328F5E77800930AE1 /* Sources */ = {
			isa = PBXSourcesBuildPhase;
			buildActionMask = 2147483647;
			files = (
				572DC13D28F5EB9500930AE1 /* NetworkContracts.swift in Sources */,
				572DC14128F5EB9500930AE1 /* NetworkError.swift in Sources */,
				572DC10B28F5E77800930AE1 /* AppDelegate.swift in Sources */,
				572DC13F28F5EB9500930AE1 /* HttpHeader.swift in Sources */,
				572DC14428F5ECEB00930AE1 /* TheOmdbAPIClients.swift in Sources */,
				572DC13E28F5EB9500930AE1 /* HttpMethod.swift in Sources */,
				572DC10D28F5E77800930AE1 /* SceneDelegate.swift in Sources */,
				572DC12828F5E82100930AE1 /* HomeViewController.swift in Sources */,
				572DC14028F5EB9500930AE1 /* NetworkExecuter.swift in Sources */,
			);
			runOnlyForDeploymentPostprocessing = 0;
		};
/* End PBXSourcesBuildPhase section */

/* Begin PBXVariantGroup section */
		572DC11528F5E77900930AE1 /* LaunchScreen.storyboard */ = {
			isa = PBXVariantGroup;
			children = (
				572DC11628F5E77900930AE1 /* Base */,
			);
			name = LaunchScreen.storyboard;
			sourceTree = "<group>";
		};
/* End PBXVariantGroup section */

/* Begin XCBuildConfiguration section */
		572DC11928F5E77900930AE1 /* Debug */ = {
			isa = XCBuildConfiguration;
			buildSettings = {
				ALWAYS_SEARCH_USER_PATHS = NO;
				CLANG_ANALYZER_NONNULL = YES;
				CLANG_ANALYZER_NUMBER_OBJECT_CONVERSION = YES_AGGRESSIVE;
				CLANG_CXX_LANGUAGE_STANDARD = "gnu++17";
				CLANG_ENABLE_MODULES = YES;
				CLANG_ENABLE_OBJC_ARC = YES;
				CLANG_ENABLE_OBJC_WEAK = YES;
				CLANG_WARN_BLOCK_CAPTURE_AUTORELEASING = YES;
				CLANG_WARN_BOOL_CONVERSION = YES;
				CLANG_WARN_COMMA = YES;
				CLANG_WARN_CONSTANT_CONVERSION = YES;
				CLANG_WARN_DEPRECATED_OBJC_IMPLEMENTATIONS = YES;
				CLANG_WARN_DIRECT_OBJC_ISA_USAGE = YES_ERROR;
				CLANG_WARN_DOCUMENTATION_COMMENTS = YES;
				CLANG_WARN_EMPTY_BODY = YES;
				CLANG_WARN_ENUM_CONVERSION = YES;
				CLANG_WARN_INFINITE_RECURSION = YES;
				CLANG_WARN_INT_CONVERSION = YES;
				CLANG_WARN_NON_LITERAL_NULL_CONVERSION = YES;
				CLANG_WARN_OBJC_IMPLICIT_RETAIN_SELF = YES;
				CLANG_WARN_OBJC_LITERAL_CONVERSION = YES;
				CLANG_WARN_OBJC_ROOT_CLASS = YES_ERROR;
				CLANG_WARN_QUOTED_INCLUDE_IN_FRAMEWORK_HEADER = YES;
				CLANG_WARN_RANGE_LOOP_ANALYSIS = YES;
				CLANG_WARN_STRICT_PROTOTYPES = YES;
				CLANG_WARN_SUSPICIOUS_MOVE = YES;
				CLANG_WARN_UNGUARDED_AVAILABILITY = YES_AGGRESSIVE;
				CLANG_WARN_UNREACHABLE_CODE = YES;
				CLANG_WARN__DUPLICATE_METHOD_MATCH = YES;
				COPY_PHASE_STRIP = NO;
				DEBUG_INFORMATION_FORMAT = dwarf;
				ENABLE_STRICT_OBJC_MSGSEND = YES;
				ENABLE_TESTABILITY = YES;
				GCC_C_LANGUAGE_STANDARD = gnu11;
				GCC_DYNAMIC_NO_PIC = NO;
				GCC_NO_COMMON_BLOCKS = YES;
				GCC_OPTIMIZATION_LEVEL = 0;
				GCC_PREPROCESSOR_DEFINITIONS = (
					"DEBUG=1",
					"$(inherited)",
				);
				GCC_WARN_64_TO_32_BIT_CONVERSION = YES;
				GCC_WARN_ABOUT_RETURN_TYPE = YES_ERROR;
				GCC_WARN_UNDECLARED_SELECTOR = YES;
				GCC_WARN_UNINITIALIZED_AUTOS = YES_AGGRESSIVE;
				GCC_WARN_UNUSED_FUNCTION = YES;
				GCC_WARN_UNUSED_VARIABLE = YES;
				IPHONEOS_DEPLOYMENT_TARGET = 15.5;
				MTL_ENABLE_DEBUG_INFO = INCLUDE_SOURCE;
				MTL_FAST_MATH = YES;
				ONLY_ACTIVE_ARCH = YES;
				SDKROOT = iphoneos;
				SWIFT_ACTIVE_COMPILATION_CONDITIONS = DEBUG;
				SWIFT_OPTIMIZATION_LEVEL = "-Onone";
			};
			name = Debug;
		};
		572DC11A28F5E77900930AE1 /* Release */ = {
			isa = XCBuildConfiguration;
			buildSettings = {
				ALWAYS_SEARCH_USER_PATHS = NO;
				CLANG_ANALYZER_NONNULL = YES;
				CLANG_ANALYZER_NUMBER_OBJECT_CONVERSION = YES_AGGRESSIVE;
				CLANG_CXX_LANGUAGE_STANDARD = "gnu++17";
				CLANG_ENABLE_MODULES = YES;
				CLANG_ENABLE_OBJC_ARC = YES;
				CLANG_ENABLE_OBJC_WEAK = YES;
				CLANG_WARN_BLOCK_CAPTURE_AUTORELEASING = YES;
				CLANG_WARN_BOOL_CONVERSION = YES;
				CLANG_WARN_COMMA = YES;
				CLANG_WARN_CONSTANT_CONVERSION = YES;
				CLANG_WARN_DEPRECATED_OBJC_IMPLEMENTATIONS = YES;
				CLANG_WARN_DIRECT_OBJC_ISA_USAGE = YES_ERROR;
				CLANG_WARN_DOCUMENTATION_COMMENTS = YES;
				CLANG_WARN_EMPTY_BODY = YES;
				CLANG_WARN_ENUM_CONVERSION = YES;
				CLANG_WARN_INFINITE_RECURSION = YES;
				CLANG_WARN_INT_CONVERSION = YES;
				CLANG_WARN_NON_LITERAL_NULL_CONVERSION = YES;
				CLANG_WARN_OBJC_IMPLICIT_RETAIN_SELF = YES;
				CLANG_WARN_OBJC_LITERAL_CONVERSION = YES;
				CLANG_WARN_OBJC_ROOT_CLASS = YES_ERROR;
				CLANG_WARN_QUOTED_INCLUDE_IN_FRAMEWORK_HEADER = YES;
				CLANG_WARN_RANGE_LOOP_ANALYSIS = YES;
				CLANG_WARN_STRICT_PROTOTYPES = YES;
				CLANG_WARN_SUSPICIOUS_MOVE = YES;
				CLANG_WARN_UNGUARDED_AVAILABILITY = YES_AGGRESSIVE;
				CLANG_WARN_UNREACHABLE_CODE = YES;
				CLANG_WARN__DUPLICATE_METHOD_MATCH = YES;
				COPY_PHASE_STRIP = NO;
				DEBUG_INFORMATION_FORMAT = "dwarf-with-dsym";
				ENABLE_NS_ASSERTIONS = NO;
				ENABLE_STRICT_OBJC_MSGSEND = YES;
				GCC_C_LANGUAGE_STANDARD = gnu11;
				GCC_NO_COMMON_BLOCKS = YES;
				GCC_WARN_64_TO_32_BIT_CONVERSION = YES;
				GCC_WARN_ABOUT_RETURN_TYPE = YES_ERROR;
				GCC_WARN_UNDECLARED_SELECTOR = YES;
				GCC_WARN_UNINITIALIZED_AUTOS = YES_AGGRESSIVE;
				GCC_WARN_UNUSED_FUNCTION = YES;
				GCC_WARN_UNUSED_VARIABLE = YES;
				IPHONEOS_DEPLOYMENT_TARGET = 15.5;
				MTL_ENABLE_DEBUG_INFO = NO;
				MTL_FAST_MATH = YES;
				SDKROOT = iphoneos;
				SWIFT_COMPILATION_MODE = wholemodule;
				SWIFT_OPTIMIZATION_LEVEL = "-O";
				VALIDATE_PRODUCT = YES;
			};
			name = Release;
		};
		572DC11C28F5E77900930AE1 /* Debug */ = {
			isa = XCBuildConfiguration;
			buildSettings = {
				ASSETCATALOG_COMPILER_APPICON_NAME = AppIcon;
				ASSETCATALOG_COMPILER_GLOBAL_ACCENT_COLOR_NAME = AccentColor;
				CODE_SIGN_STYLE = Automatic;
				CURRENT_PROJECT_VERSION = 1;
				GENERATE_INFOPLIST_FILE = YES;
				INFOPLIST_FILE = "Intranet-Case-MovieApp/Configure/Info.plist";
				INFOPLIST_KEY_UIApplicationSupportsIndirectInputEvents = YES;
				INFOPLIST_KEY_UILaunchStoryboardName = LaunchScreen;
				INFOPLIST_KEY_UISupportedInterfaceOrientations_iPad = "UIInterfaceOrientationPortrait UIInterfaceOrientationPortraitUpsideDown UIInterfaceOrientationLandscapeLeft UIInterfaceOrientationLandscapeRight";
				INFOPLIST_KEY_UISupportedInterfaceOrientations_iPhone = "UIInterfaceOrientationPortrait UIInterfaceOrientationLandscapeLeft UIInterfaceOrientationLandscapeRight";
				LD_RUNPATH_SEARCH_PATHS = (
					"$(inherited)",
					"@executable_path/Frameworks",
				);
				MARKETING_VERSION = 1.0;
				PRODUCT_BUNDLE_IDENTIFIER = "GizemDuman.Intranet-Case-MovieApp";
				PRODUCT_NAME = "$(TARGET_NAME)";
				SWIFT_EMIT_LOC_STRINGS = YES;
				SWIFT_VERSION = 5.0;
				TARGETED_DEVICE_FAMILY = "1,2";
			};
			name = Debug;
		};
		572DC11D28F5E77900930AE1 /* Release */ = {
			isa = XCBuildConfiguration;
			buildSettings = {
				ASSETCATALOG_COMPILER_APPICON_NAME = AppIcon;
				ASSETCATALOG_COMPILER_GLOBAL_ACCENT_COLOR_NAME = AccentColor;
				CODE_SIGN_STYLE = Automatic;
				CURRENT_PROJECT_VERSION = 1;
				GENERATE_INFOPLIST_FILE = YES;
				INFOPLIST_FILE = "Intranet-Case-MovieApp/Configure/Info.plist";
				INFOPLIST_KEY_UIApplicationSupportsIndirectInputEvents = YES;
				INFOPLIST_KEY_UILaunchStoryboardName = LaunchScreen;
				INFOPLIST_KEY_UISupportedInterfaceOrientations_iPad = "UIInterfaceOrientationPortrait UIInterfaceOrientationPortraitUpsideDown UIInterfaceOrientationLandscapeLeft UIInterfaceOrientationLandscapeRight";
				INFOPLIST_KEY_UISupportedInterfaceOrientations_iPhone = "UIInterfaceOrientationPortrait UIInterfaceOrientationLandscapeLeft UIInterfaceOrientationLandscapeRight";
				LD_RUNPATH_SEARCH_PATHS = (
					"$(inherited)",
					"@executable_path/Frameworks",
				);
				MARKETING_VERSION = 1.0;
				PRODUCT_BUNDLE_IDENTIFIER = "GizemDuman.Intranet-Case-MovieApp";
				PRODUCT_NAME = "$(TARGET_NAME)";
				SWIFT_EMIT_LOC_STRINGS = YES;
				SWIFT_VERSION = 5.0;
				TARGETED_DEVICE_FAMILY = "1,2";
			};
			name = Release;
		};
/* End XCBuildConfiguration section */

/* Begin XCConfigurationList section */
		572DC10228F5E77800930AE1 /* Build configuration list for PBXProject "Intranet-Case-MovieApp" */ = {
			isa = XCConfigurationList;
			buildConfigurations = (
				572DC11928F5E77900930AE1 /* Debug */,
				572DC11A28F5E77900930AE1 /* Release */,
			);
			defaultConfigurationIsVisible = 0;
			defaultConfigurationName = Release;
		};
		572DC11B28F5E77900930AE1 /* Build configuration list for PBXNativeTarget "Intranet-Case-MovieApp" */ = {
			isa = XCConfigurationList;
			buildConfigurations = (
				572DC11C28F5E77900930AE1 /* Debug */,
				572DC11D28F5E77900930AE1 /* Release */,
			);
			defaultConfigurationIsVisible = 0;
			defaultConfigurationName = Release;
		};
/* End XCConfigurationList section */
	};
	rootObject = 572DC0FF28F5E77800930AE1 /* Project object */;
}
